<?xml version="1.0" encoding="utf-8"?>
<Project ToolsVersion="4.0" xmlns="http://schemas.microsoft.com/developer/msbuild/2003">
  <ItemGroup>
    <Filter Include="Quellcodedateien">
      <UniqueIdentifier>{215ec98f-a6ce-427a-8242-d6fe1734c05e}</UniqueIdentifier>
      <Extensions>cpp;c;cxx;rc;def;r;odl;idl;hpj;bat</Extensions>
    </Filter>
    <Filter Include="Header-Dateien">
      <UniqueIdentifier>{7c5b545c-7536-4d27-a169-df05b87b06b5}</UniqueIdentifier>
      <Extensions>h;hpp;hxx;hm;inl</Extensions>
    </Filter>
    <Filter Include="Ressourcendateien">
      <UniqueIdentifier>{0a852e0b-4eec-412c-bea9-617f6c7da9e9}</UniqueIdentifier>
      <Extensions>ico;cur;bmp;dlg;rc2;rct;bin;rgs;gif;jpg;jpeg;jpe</Extensions>
    </Filter>
  </ItemGroup>
  <ItemGroup>
    <ClCompile Include="dbg.c">
      <Filter>Quellcodedateien</Filter>
    </ClCompile>
    <ClCompile Include="fontsel.c">
      <Filter>Quellcodedateien</Filter>
    </ClCompile>
    <ClCompile Include="largeic.c">
      <Filter>Quellcodedateien</Filter>
    </ClCompile>
    <ClCompile Include="lfn.c">
      <Filter>Quellcodedateien</Filter>
    </ClCompile>
    <ClCompile Include="lfnmisc.c">
      <Filter>Quellcodedateien</Filter>
    </ClCompile>
    <ClCompile Include="lstrfns.c">
      <Filter>Quellcodedateien</Filter>
    </ClCompile>
    <ClCompile Include="numfmt.c">
      <Filter>Quellcodedateien</Filter>
    </ClCompile>
    <ClCompile Include="psdocurd.c">
      <Filter>Quellcodedateien</Filter>
    </ClCompile>
    <ClCompile Include="suggest.c">
      <Filter>Quellcodedateien</Filter>
    </ClCompile>
    <ClCompile Include="tbar.c">
      <Filter>Quellcodedateien</Filter>
    </ClCompile>
    <ClCompile Include="treectl.c">
      <Filter>Quellcodedateien</Filter>
    </ClCompile>
    <ClCompile Include="utilnt.c">
      <Filter>Quellcodedateien</Filter>
    </ClCompile>
    <ClCompile Include="wfassoc.c">
      <Filter>Quellcodedateien</Filter>
    </ClCompile>
    <ClCompile Include="wfchgnot.c">
      <Filter>Quellcodedateien</Filter>
    </ClCompile>
    <ClCompile Include="wfcomman.c">
      <Filter>Quellcodedateien</Filter>
    </ClCompile>
    <ClCompile Include="wfcopy.c">
      <Filter>Quellcodedateien</Filter>
    </ClCompile>
    <ClCompile Include="wfdir.c">
      <Filter>Quellcodedateien</Filter>
    </ClCompile>
    <ClCompile Include="wfdirrd.c">
      <Filter>Quellcodedateien</Filter>
    </ClCompile>
    <ClCompile Include="wfdirsrc.c">
      <Filter>Quellcodedateien</Filter>
    </ClCompile>
    <ClCompile Include="wfdlgs.c">
      <Filter>Quellcodedateien</Filter>
    </ClCompile>
    <ClCompile Include="wfdlgs2.c">
      <Filter>Quellcodedateien</Filter>
    </ClCompile>
    <ClCompile Include="wfdlgs3.c">
      <Filter>Quellcodedateien</Filter>
    </ClCompile>
    <ClCompile Include="wfdos.c">
      <Filter>Quellcodedateien</Filter>
    </ClCompile>
    <ClCompile Include="wfdrives.c">
      <Filter>Quellcodedateien</Filter>
    </ClCompile>
    <ClCompile Include="wfext.c">
      <Filter>Quellcodedateien</Filter>
    </ClCompile>
    <ClCompile Include="wffile.c">
      <Filter>Quellcodedateien</Filter>
    </ClCompile>
    <ClCompile Include="wfinfo.c">
      <Filter>Quellcodedateien</Filter>
    </ClCompile>
    <ClCompile Include="wfinit.c">
      <Filter>Quellcodedateien</Filter>
    </ClCompile>
    <ClCompile Include="wfmem.c">
      <Filter>Quellcodedateien</Filter>
    </ClCompile>
    <ClCompile Include="wfprint.c">
      <Filter>Quellcodedateien</Filter>
    </ClCompile>
    <ClCompile Include="wfsearch.c">
      <Filter>Quellcodedateien</Filter>
    </ClCompile>
    <ClCompile Include="wftree.c">
      <Filter>Quellcodedateien</Filter>
    </ClCompile>
    <ClCompile Include="wfutil.c">
      <Filter>Quellcodedateien</Filter>
    </ClCompile>
    <ClCompile Include="winfile.c">
      <Filter>Quellcodedateien</Filter>
    </ClCompile>
    <ClCompile Include="wnetcaps.c">
      <Filter>Quellcodedateien</Filter>
    </ClCompile>
  </ItemGroup>
  <ItemGroup>
    <ResourceCompile Include="res.rc">
      <Filter>Quellcodedateien</Filter>
    </ResourceCompile>
  </ItemGroup>
  <ItemGroup>
    <Library Include="C:\Program Files (x86)\Microsoft Visual Studio\VC98\Lib\NTDLL.LIB">
      <Filter>Quellcodedateien</Filter>
    </Library>
  </ItemGroup>
  <ItemGroup>
    <ClInclude Include="dbg.h">
      <Filter>Header-Dateien</Filter>
    </ClInclude>
    <ClInclude Include="dosfunc.h">
      <Filter>Header-Dateien</Filter>
    </ClInclude>
    <ClInclude Include="fontsel.h">
      <Filter>Header-Dateien</Filter>
    </ClInclude>
    <ClInclude Include="lfn.h">
      <Filter>Header-Dateien</Filter>
    </ClInclude>
    <ClInclude Include="lstrfns.h">
      <Filter>Header-Dateien</Filter>
    </ClInclude>
    <ClInclude Include="numfmt.h">
      <Filter>Header-Dateien</Filter>
    </ClInclude>
    <ClInclude Include="suggest.h">
      <Filter>Header-Dateien</Filter>
    </ClInclude>
    <ClInclude Include="treectl.h">
      <Filter>Header-Dateien</Filter>
    </ClInclude>
    <ClInclude Include="wfcopy.h">
      <Filter>Header-Dateien</Filter>
    </ClInclude>
    <ClInclude Include="wfdisk.h">
      <Filter>Header-Dateien</Filter>
    </ClInclude>
    <ClInclude Include="wfdlgs.h">
      <Filter>Header-Dateien</Filter>
    </ClInclude>
    <ClInclude Include="wfexti.h">
      <Filter>Header-Dateien</Filter>
    </ClInclude>
    <ClInclude Include="wfgwl.h">
      <Filter>Header-Dateien</Filter>
    </ClInclude>
    <ClInclude Include="wfhelp.h">
      <Filter>Header-Dateien</Filter>
    </ClInclude>
    <ClInclude Include="wfinfo.h">
      <Filter>Header-Dateien</Filter>
    </ClInclude>
    <ClInclude Include="wfmem.h">
      <Filter>Header-Dateien</Filter>
    </ClInclude>
    <ClInclude Include="winexp.h">
      <Filter>Header-Dateien</Filter>
    </ClInclude>
    <ClInclude Include="winfile.h">
      <Filter>Header-Dateien</Filter>
    </ClInclude>
    <ClInclude Include="wnetcaps.h">
      <Filter>Header-Dateien</Filter>
    </ClInclude>
  </ItemGroup>
  <ItemGroup>
    <Image Include="wbbitmap.bmp">
      <Filter>Ressourcendateien</Filter>
    </Image>
    <Image Include="wfdir.ico">
      <Filter>Ressourcendateien</Filter>
    </Image>
    <Image Include="wftrdir.ico">
      <Filter>Ressourcendateien</Filter>
    </Image>
    <Image Include="wftree.ico">
      <Filter>Ressourcendateien</Filter>
    </Image>
    <Image Include="winfile.ico">
      <Filter>Ressourcendateien</Filter>
    </Image>
  </ItemGroup>
  <ItemGroup>
    <CustomBuild Include="mcopy.cur">
      <Filter>Ressourcendateien</Filter>
    </CustomBuild>
    <CustomBuild Include="mmove.cur">
      <Filter>Ressourcendateien</Filter>
    </CustomBuild>
    <CustomBuild Include="scopy.cur">
      <Filter>Ressourcendateien</Filter>
    </CustomBuild>
    <CustomBuild Include="smove.cur">
      <Filter>Ressourcendateien</Filter>
    </CustomBuild>
    <CustomBuild Include="split.cur">
      <Filter>Ressourcendateien</Filter>
    </CustomBuild>
  </ItemGroup>
</Project>